
Microsoft Visual Studio Solution File, Format Version 12.00
# Visual Studio Version 17
VisualStudioVersion = 17.5.33627.172
MinimumVisualStudioVersion = 10.0.40219.1
Project("{9A19103F-16F7-4668-BE54-9A1E7A4F7556}") = "ComputersCourseWork", "ComputersCourseWork\ComputersCourseWork.csproj", "{933327A9-DF04-44B2-B075-C739C772B505}"
EndProject
Project("{2150E333-8FDC-42A3-9474-1A3956D46DE8}") = "Элементы решения", "Элементы решения", "{4E08058F-60C0-4BFA-A216-ED1E9574CC63}"
EndProject
Project("{2150E333-8FDC-42A3-9474-1A3956D46DE8}") = "Solution Items", "Solution Items", "{478FF8A6-C640-4B57-9DDB-5C08A0332950}"
	ProjectSection(SolutionItems) = preProject
		.editorconfig = .editorconfig
	EndProjectSection
EndProject
Global
	GlobalSection(SolutionConfigurationPlatforms) = preSolution
		Debug|Any CPU = Debug|Any CPU
		Release|Any CPU = Release|Any CPU
	EndGlobalSection
	GlobalSection(ProjectConfigurationPlatforms) = postSolution
		{933327A9-DF04-44B2-B075-C739C772B505}.Debug|Any CPU.ActiveCfg = Debug|Any CPU
		{933327A9-DF04-44B2-B075-C739C772B505}.Debug|Any CPU.Build.0 = Debug|Any CPU
		{933327A9-DF04-44B2-B075-C739C772B505}.Release|Any CPU.ActiveCfg = Release|Any CPU
		{933327A9-DF04-44B2-B075-C739C772B505}.Release|Any CPU.Build.0 = Release|Any CPU
	EndGlobalSection
	GlobalSection(SolutionProperties) = preSolution
		HideSolutionNode = FALSE
	EndGlobalSection
	GlobalSection(ExtensibilityGlobals) = postSolution
		SolutionGuid = {75F1A161-7190-4946-AAFD-0AEAFD349322}
	EndGlobalSection
EndGlobal
